
Microsoft Visual Studio Solution File, Format Version 12.00
# Visual Studio Version 17
VisualStudioVersion = 17.6.33815.320
MinimumVisualStudioVersion = 10.0.40219.1
Project("{9A19103F-16F7-4668-BE54-9A1E7A4F7556}") = "ConsoleApp", "ConsoleApp\ConsoleApp.csproj", "{AA52E7F9-F653-49B0-987B-38FFD5124306}"
EndProject
Project("{FAE04EC0-301F-11D3-BF4B-00C04F79EFBC}") = "Models", "Models\Models.csproj", "{6F06E771-F84C-47BE-9FAE-EFE063675B94}"
EndProject
Project("{FAE04EC0-301F-11D3-BF4B-00C04F79EFBC}") = "Inheritance", "Inheritance\Inheritance.csproj", "{5C718A95-AC60-447F-9C0C-C17DD6EC8828}"
EndProject
Global
	GlobalSection(SolutionConfigurationPlatforms) = preSolution
		Debug|Any CPU = Debug|Any CPU
		Release|Any CPU = Release|Any CPU
	EndGlobalSection
	GlobalSection(ProjectConfigurationPlatforms) = postSolution
		{AA52E7F9-F653-49B0-987B-38FFD5124306}.Debug|Any CPU.ActiveCfg = Debug|Any CPU
		{AA52E7F9-F653-49B0-987B-38FFD5124306}.Debug|Any CPU.Build.0 = Debug|Any CPU
		{AA52E7F9-F653-49B0-987B-38FFD5124306}.Release|Any CPU.ActiveCfg = Release|Any CPU
		{AA52E7F9-F653-49B0-987B-38FFD5124306}.Release|Any CPU.Build.0 = Release|Any CPU
		{6F06E771-F84C-47BE-9FAE-EFE063675B94}.Debug|Any CPU.ActiveCfg = Debug|Any CPU
		{6F06E771-F84C-47BE-9FAE-EFE063675B94}.Debug|Any CPU.Build.0 = Debug|Any CPU
		{6F06E771-F84C-47BE-9FAE-EFE063675B94}.Release|Any CPU.ActiveCfg = Release|Any CPU
		{6F06E771-F84C-47BE-9FAE-EFE063675B94}.Release|Any CPU.Build.0 = Release|Any CPU
		{5C718A95-AC60-447F-9C0C-C17DD6EC8828}.Debug|Any CPU.ActiveCfg = Debug|Any CPU
		{5C718A95-AC60-447F-9C0C-C17DD6EC8828}.Debug|Any CPU.Build.0 = Debug|Any CPU
		{5C718A95-AC60-447F-9C0C-C17DD6EC8828}.Release|Any CPU.ActiveCfg = Release|Any CPU
		{5C718A95-AC60-447F-9C0C-C17DD6EC8828}.Release|Any CPU.Build.0 = Release|Any CPU
	EndGlobalSection
	GlobalSection(SolutionProperties) = preSolution
		HideSolutionNode = FALSE
	EndGlobalSection
	GlobalSection(ExtensibilityGlobals) = postSolution
		SolutionGuid = {80A6D9EF-593B-4D1A-AB0F-B501E1A6E773}
	EndGlobalSection
EndGlobal
