
Microsoft Visual Studio Solution File, Format Version 12.00
# Visual Studio Version 17
VisualStudioVersion = 17.6.33815.320
MinimumVisualStudioVersion = 10.0.40219.1
Project("{FAE04EC0-301F-11D3-BF4B-00C04F79EFBC}") = "ConsoleApp", "ConsoleApp\ConsoleApp.csproj", "{AA52E7F9-F653-49B0-987B-38FFD5124306}"
EndProject
Global
	GlobalSection(SolutionConfigurationPlatforms) = preSolution
		Debug|Any CPU = Debug|Any CPU
		Release|Any CPU = Release|Any CPU
	EndGlobalSection
	GlobalSection(ProjectConfigurationPlatforms) = postSolution
		{AA52E7F9-F653-49B0-987B-38FFD5124306}.Debug|Any CPU.ActiveCfg = Debug|Any CPU
		{AA52E7F9-F653-49B0-987B-38FFD5124306}.Debug|Any CPU.Build.0 = Debug|Any CPU
		{AA52E7F9-F653-49B0-987B-38FFD5124306}.Release|Any CPU.ActiveCfg = Release|Any CPU
		{AA52E7F9-F653-49B0-987B-38FFD5124306}.Release|Any CPU.Build.0 = Release|Any CPU
	EndGlobalSection
	GlobalSection(SolutionProperties) = preSolution
		HideSolutionNode = FALSE
	EndGlobalSection
	GlobalSection(ExtensibilityGlobals) = postSolution
		SolutionGuid = {80A6D9EF-593B-4D1A-AB0F-B501E1A6E773}
	EndGlobalSection
EndGlobal
